
Microsoft Visual Studio Solution File, Format Version 12.00
# Visual Studio 14
VisualStudioVersion = 14.0.25123.0
MinimumVisualStudioVersion = 10.0.40219.1
Project("{FAE04EC0-301F-11D3-BF4B-00C04F79EFBC}") = "TCPchat_BASE.Droid", "TCPchat_BASE\TCPchat_BASE.Droid\TCPchat_BASE.Droid.csproj", "{EE48600C-5055-420A-B9A5-17A73B144859}"
EndProject
Project("{FAE04EC0-301F-11D3-BF4B-00C04F79EFBC}") = "TCPchat_BASE.iOS", "TCPchat_BASE\TCPchat_BASE.iOS\TCPchat_BASE.iOS.csproj", "{AA985E2E-2B96-41B7-ADDC-1330C624F503}"
EndProject
Project("{FAE04EC0-301F-11D3-BF4B-00C04F79EFBC}") = "TCPchat_BASE.WinPhone", "TCPchat_BASE\TCPchat_BASE.WinPhone\TCPchat_BASE.WinPhone.csproj", "{D88F938D-60F9-48E7-B392-6B949EFD65AD}"
EndProject
Project("{D954291E-2A0B-460D-934E-DC6B0785DB48}") = "TCPchat_BASE", "TCPchat_BASE\TCPchat_BASE\TCPchat_BASE.shproj", "{E5975294-0371-4C13-A10A-A0F6D8B762B1}"
EndProject
Project("{FAE04EC0-301F-11D3-BF4B-00C04F79EFBC}") = "TCPchat_BASE.Console", "TCPchat_BASE\TCPchat_BASE.Console\TCPchat_BASE.Console.csproj", "{6E6CAE2B-2CA2-43AD-80B1-FD4C50679681}"
EndProject
Global
	GlobalSection(SharedMSBuildProjectFiles) = preSolution
		TCPchat_BASE\TCPchat_BASE\TCPchat_BASE.projitems*{aa985e2e-2b96-41b7-addc-1330c624f503}*SharedItemsImports = 4
		TCPchat_BASE\TCPchat_BASE\TCPchat_BASE.projitems*{ee48600c-5055-420a-b9a5-17a73b144859}*SharedItemsImports = 4
		TCPchat_BASE\TCPchat_BASE\TCPchat_BASE.projitems*{6e6cae2b-2ca2-43ad-80b1-fd4c50679681}*SharedItemsImports = 4
		TCPchat_BASE\TCPchat_BASE\TCPchat_BASE.projitems*{d88f938d-60f9-48e7-b392-6b949efd65ad}*SharedItemsImports = 4
		TCPchat_BASE\TCPchat_BASE\TCPchat_BASE.projitems*{e5975294-0371-4c13-a10a-a0f6d8b762b1}*SharedItemsImports = 13
	EndGlobalSection
	GlobalSection(SolutionConfigurationPlatforms) = preSolution
		AppStore|Any CPU = AppStore|Any CPU
		AppStore|ARM = AppStore|ARM
		AppStore|iPhone = AppStore|iPhone
		AppStore|iPhoneSimulator = AppStore|iPhoneSimulator
		AppStore|x86 = AppStore|x86
		Debug|Any CPU = Debug|Any CPU
		Debug|ARM = Debug|ARM
		Debug|iPhone = Debug|iPhone
		Debug|iPhoneSimulator = Debug|iPhoneSimulator
		Debug|x86 = Debug|x86
		Release|Any CPU = Release|Any CPU
		Release|ARM = Release|ARM
		Release|iPhone = Release|iPhone
		Release|iPhoneSimulator = Release|iPhoneSimulator
		Release|x86 = Release|x86
	EndGlobalSection
	GlobalSection(ProjectConfigurationPlatforms) = postSolution
		{EE48600C-5055-420A-B9A5-17A73B144859}.AppStore|Any CPU.ActiveCfg = Release|Any CPU
		{EE48600C-5055-420A-B9A5-17A73B144859}.AppStore|Any CPU.Build.0 = Release|Any CPU
		{EE48600C-5055-420A-B9A5-17A73B144859}.AppStore|Any CPU.Deploy.0 = Release|Any CPU
		{EE48600C-5055-420A-B9A5-17A73B144859}.AppStore|ARM.ActiveCfg = Release|Any CPU
		{EE48600C-5055-420A-B9A5-17A73B144859}.AppStore|ARM.Build.0 = Release|Any CPU
		{EE48600C-5055-420A-B9A5-17A73B144859}.AppStore|ARM.Deploy.0 = Release|Any CPU
		{EE48600C-5055-420A-B9A5-17A73B144859}.AppStore|iPhone.ActiveCfg = Release|Any CPU
		{EE48600C-5055-420A-B9A5-17A73B144859}.AppStore|iPhone.Build.0 = Release|Any CPU
		{EE48600C-5055-420A-B9A5-17A73B144859}.AppStore|iPhone.Deploy.0 = Release|Any CPU
		{EE48600C-5055-420A-B9A5-17A73B144859}.AppStore|iPhoneSimulator.ActiveCfg = Release|Any CPU
		{EE48600C-5055-420A-B9A5-17A73B144859}.AppStore|iPhoneSimulator.Build.0 = Release|Any CPU
		{EE48600C-5055-420A-B9A5-17A73B144859}.AppStore|iPhoneSimulator.Deploy.0 = Release|Any CPU
		{EE48600C-5055-420A-B9A5-17A73B144859}.AppStore|x86.ActiveCfg = Release|Any CPU
		{EE48600C-5055-420A-B9A5-17A73B144859}.AppStore|x86.Build.0 = Release|Any CPU
		{EE48600C-5055-420A-B9A5-17A73B144859}.AppStore|x86.Deploy.0 = Release|Any CPU
		{EE48600C-5055-420A-B9A5-17A73B144859}.Debug|Any CPU.ActiveCfg = Debug|Any CPU
		{EE48600C-5055-420A-B9A5-17A73B144859}.Debug|Any CPU.Build.0 = Debug|Any CPU
		{EE48600C-5055-420A-B9A5-17A73B144859}.Debug|Any CPU.Deploy.0 = Debug|Any CPU
		{EE48600C-5055-420A-B9A5-17A73B144859}.Debug|ARM.ActiveCfg = Debug|Any CPU
		{EE48600C-5055-420A-B9A5-17A73B144859}.Debug|ARM.Build.0 = Debug|Any CPU
		{EE48600C-5055-420A-B9A5-17A73B144859}.Debug|ARM.Deploy.0 = Debug|Any CPU
		{EE48600C-5055-420A-B9A5-17A73B144859}.Debug|iPhone.ActiveCfg = Debug|Any CPU
		{EE48600C-5055-420A-B9A5-17A73B144859}.Debug|iPhone.Build.0 = Debug|Any CPU
		{EE48600C-5055-420A-B9A5-17A73B144859}.Debug|iPhone.Deploy.0 = Debug|Any CPU
		{EE48600C-5055-420A-B9A5-17A73B144859}.Debug|iPhoneSimulator.ActiveCfg = Debug|Any CPU
		{EE48600C-5055-420A-B9A5-17A73B144859}.Debug|iPhoneSimulator.Build.0 = Debug|Any CPU
		{EE48600C-5055-420A-B9A5-17A73B144859}.Debug|iPhoneSimulator.Deploy.0 = Debug|Any CPU
		{EE48600C-5055-420A-B9A5-17A73B144859}.Debug|x86.ActiveCfg = Debug|Any CPU
		{EE48600C-5055-420A-B9A5-17A73B144859}.Debug|x86.Build.0 = Debug|Any CPU
		{EE48600C-5055-420A-B9A5-17A73B144859}.Debug|x86.Deploy.0 = Debug|Any CPU
		{EE48600C-5055-420A-B9A5-17A73B144859}.Release|Any CPU.ActiveCfg = Release|Any CPU
		{EE48600C-5055-420A-B9A5-17A73B144859}.Release|Any CPU.Build.0 = Release|Any CPU
		{EE48600C-5055-420A-B9A5-17A73B144859}.Release|Any CPU.Deploy.0 = Release|Any CPU
		{EE48600C-5055-420A-B9A5-17A73B144859}.Release|ARM.ActiveCfg = Release|Any CPU
		{EE48600C-5055-420A-B9A5-17A73B144859}.Release|ARM.Build.0 = Release|Any CPU
		{EE48600C-5055-420A-B9A5-17A73B144859}.Release|ARM.Deploy.0 = Release|Any CPU
		{EE48600C-5055-420A-B9A5-17A73B144859}.Release|iPhone.ActiveCfg = Release|Any CPU
		{EE48600C-5055-420A-B9A5-17A73B144859}.Release|iPhone.Build.0 = Release|Any CPU
		{EE48600C-5055-420A-B9A5-17A73B144859}.Release|iPhone.Deploy.0 = Release|Any CPU
		{EE48600C-5055-420A-B9A5-17A73B144859}.Release|iPhoneSimulator.ActiveCfg = Release|Any CPU
		{EE48600C-5055-420A-B9A5-17A73B144859}.Release|iPhoneSimulator.Build.0 = Release|Any CPU
		{EE48600C-5055-420A-B9A5-17A73B144859}.Release|iPhoneSimulator.Deploy.0 = Release|Any CPU
		{EE48600C-5055-420A-B9A5-17A73B144859}.Release|x86.ActiveCfg = Release|Any CPU
		{EE48600C-5055-420A-B9A5-17A73B144859}.Release|x86.Build.0 = Release|Any CPU
		{EE48600C-5055-420A-B9A5-17A73B144859}.Release|x86.Deploy.0 = Release|Any CPU
		{AA985E2E-2B96-41B7-ADDC-1330C624F503}.AppStore|Any CPU.ActiveCfg = AppStore|iPhone
		{AA985E2E-2B96-41B7-ADDC-1330C624F503}.AppStore|ARM.ActiveCfg = AppStore|iPhone
		{AA985E2E-2B96-41B7-ADDC-1330C624F503}.AppStore|iPhone.ActiveCfg = AppStore|iPhone
		{AA985E2E-2B96-41B7-ADDC-1330C624F503}.AppStore|iPhone.Build.0 = AppStore|iPhone
		{AA985E2E-2B96-41B7-ADDC-1330C624F503}.AppStore|iPhoneSimulator.ActiveCfg = AppStore|iPhoneSimulator
		{AA985E2E-2B96-41B7-ADDC-1330C624F503}.AppStore|iPhoneSimulator.Build.0 = AppStore|iPhoneSimulator
		{AA985E2E-2B96-41B7-ADDC-1330C624F503}.AppStore|x86.ActiveCfg = AppStore|iPhone
		{AA985E2E-2B96-41B7-ADDC-1330C624F503}.Debug|Any CPU.ActiveCfg = Debug|iPhone
		{AA985E2E-2B96-41B7-ADDC-1330C624F503}.Debug|ARM.ActiveCfg = Debug|iPhone
		{AA985E2E-2B96-41B7-ADDC-1330C624F503}.Debug|iPhone.ActiveCfg = Debug|iPhone
		{AA985E2E-2B96-41B7-ADDC-1330C624F503}.Debug|iPhone.Build.0 = Debug|iPhone
		{AA985E2E-2B96-41B7-ADDC-1330C624F503}.Debug|iPhoneSimulator.ActiveCfg = Debug|iPhoneSimulator
		{AA985E2E-2B96-41B7-ADDC-1330C624F503}.Debug|iPhoneSimulator.Build.0 = Debug|iPhoneSimulator
		{AA985E2E-2B96-41B7-ADDC-1330C624F503}.Debug|x86.ActiveCfg = Debug|iPhone
		{AA985E2E-2B96-41B7-ADDC-1330C624F503}.Release|Any CPU.ActiveCfg = Release|iPhone
		{AA985E2E-2B96-41B7-ADDC-1330C624F503}.Release|ARM.ActiveCfg = Release|iPhone
		{AA985E2E-2B96-41B7-ADDC-1330C624F503}.Release|iPhone.ActiveCfg = Release|iPhone
		{AA985E2E-2B96-41B7-ADDC-1330C624F503}.Release|iPhone.Build.0 = Release|iPhone
		{AA985E2E-2B96-41B7-ADDC-1330C624F503}.Release|iPhoneSimulator.ActiveCfg = Release|iPhoneSimulator
		{AA985E2E-2B96-41B7-ADDC-1330C624F503}.Release|iPhoneSimulator.Build.0 = Release|iPhoneSimulator
		{AA985E2E-2B96-41B7-ADDC-1330C624F503}.Release|x86.ActiveCfg = Release|iPhone
		{D88F938D-60F9-48E7-B392-6B949EFD65AD}.AppStore|Any CPU.ActiveCfg = Release|Any CPU
		{D88F938D-60F9-48E7-B392-6B949EFD65AD}.AppStore|Any CPU.Build.0 = Release|Any CPU
		{D88F938D-60F9-48E7-B392-6B949EFD65AD}.AppStore|Any CPU.Deploy.0 = Release|Any CPU
		{D88F938D-60F9-48E7-B392-6B949EFD65AD}.AppStore|ARM.ActiveCfg = Release|ARM
		{D88F938D-60F9-48E7-B392-6B949EFD65AD}.AppStore|ARM.Build.0 = Release|ARM
		{D88F938D-60F9-48E7-B392-6B949EFD65AD}.AppStore|ARM.Deploy.0 = Release|ARM
		{D88F938D-60F9-48E7-B392-6B949EFD65AD}.AppStore|iPhone.ActiveCfg = Release|Any CPU
		{D88F938D-60F9-48E7-B392-6B949EFD65AD}.AppStore|iPhone.Build.0 = Release|Any CPU
		{D88F938D-60F9-48E7-B392-6B949EFD65AD}.AppStore|iPhone.Deploy.0 = Release|Any CPU
		{D88F938D-60F9-48E7-B392-6B949EFD65AD}.AppStore|iPhoneSimulator.ActiveCfg = Release|Any CPU
		{D88F938D-60F9-48E7-B392-6B949EFD65AD}.AppStore|iPhoneSimulator.Build.0 = Release|Any CPU
		{D88F938D-60F9-48E7-B392-6B949EFD65AD}.AppStore|iPhoneSimulator.Deploy.0 = Release|Any CPU
		{D88F938D-60F9-48E7-B392-6B949EFD65AD}.AppStore|x86.ActiveCfg = Release|x86
		{D88F938D-60F9-48E7-B392-6B949EFD65AD}.AppStore|x86.Build.0 = Release|x86
		{D88F938D-60F9-48E7-B392-6B949EFD65AD}.AppStore|x86.Deploy.0 = Release|x86
		{D88F938D-60F9-48E7-B392-6B949EFD65AD}.Debug|Any CPU.ActiveCfg = Debug|Any CPU
		{D88F938D-60F9-48E7-B392-6B949EFD65AD}.Debug|Any CPU.Build.0 = Debug|Any CPU
		{D88F938D-60F9-48E7-B392-6B949EFD65AD}.Debug|Any CPU.Deploy.0 = Debug|Any CPU
		{D88F938D-60F9-48E7-B392-6B949EFD65AD}.Debug|ARM.ActiveCfg = Debug|ARM
		{D88F938D-60F9-48E7-B392-6B949EFD65AD}.Debug|ARM.Build.0 = Debug|ARM
		{D88F938D-60F9-48E7-B392-6B949EFD65AD}.Debug|ARM.Deploy.0 = Debug|ARM
		{D88F938D-60F9-48E7-B392-6B949EFD65AD}.Debug|iPhone.ActiveCfg = Debug|Any CPU
		{D88F938D-60F9-48E7-B392-6B949EFD65AD}.Debug|iPhone.Build.0 = Debug|Any CPU
		{D88F938D-60F9-48E7-B392-6B949EFD65AD}.Debug|iPhone.Deploy.0 = Debug|Any CPU
		{D88F938D-60F9-48E7-B392-6B949EFD65AD}.Debug|iPhoneSimulator.ActiveCfg = Debug|Any CPU
		{D88F938D-60F9-48E7-B392-6B949EFD65AD}.Debug|iPhoneSimulator.Build.0 = Debug|Any CPU
		{D88F938D-60F9-48E7-B392-6B949EFD65AD}.Debug|iPhoneSimulator.Deploy.0 = Debug|Any CPU
		{D88F938D-60F9-48E7-B392-6B949EFD65AD}.Debug|x86.ActiveCfg = Debug|x86
		{D88F938D-60F9-48E7-B392-6B949EFD65AD}.Debug|x86.Build.0 = Debug|x86
		{D88F938D-60F9-48E7-B392-6B949EFD65AD}.Debug|x86.Deploy.0 = Debug|x86
		{D88F938D-60F9-48E7-B392-6B949EFD65AD}.Release|Any CPU.ActiveCfg = Release|Any CPU
		{D88F938D-60F9-48E7-B392-6B949EFD65AD}.Release|Any CPU.Build.0 = Release|Any CPU
		{D88F938D-60F9-48E7-B392-6B949EFD65AD}.Release|Any CPU.Deploy.0 = Release|Any CPU
		{D88F938D-60F9-48E7-B392-6B949EFD65AD}.Release|ARM.ActiveCfg = Release|ARM
		{D88F938D-60F9-48E7-B392-6B949EFD65AD}.Release|ARM.Build.0 = Release|ARM
		{D88F938D-60F9-48E7-B392-6B949EFD65AD}.Release|ARM.Deploy.0 = Release|ARM
		{D88F938D-60F9-48E7-B392-6B949EFD65AD}.Release|iPhone.ActiveCfg = Release|Any CPU
		{D88F938D-60F9-48E7-B392-6B949EFD65AD}.Release|iPhone.Build.0 = Release|Any CPU
		{D88F938D-60F9-48E7-B392-6B949EFD65AD}.Release|iPhone.Deploy.0 = Release|Any CPU
		{D88F938D-60F9-48E7-B392-6B949EFD65AD}.Release|iPhoneSimulator.ActiveCfg = Release|Any CPU
		{D88F938D-60F9-48E7-B392-6B949EFD65AD}.Release|iPhoneSimulator.Build.0 = Release|Any CPU
		{D88F938D-60F9-48E7-B392-6B949EFD65AD}.Release|iPhoneSimulator.Deploy.0 = Release|Any CPU
		{D88F938D-60F9-48E7-B392-6B949EFD65AD}.Release|x86.ActiveCfg = Release|x86
		{D88F938D-60F9-48E7-B392-6B949EFD65AD}.Release|x86.Build.0 = Release|x86
		{D88F938D-60F9-48E7-B392-6B949EFD65AD}.Release|x86.Deploy.0 = Release|x86
		{6E6CAE2B-2CA2-43AD-80B1-FD4C50679681}.AppStore|Any CPU.ActiveCfg = Release|Any CPU
		{6E6CAE2B-2CA2-43AD-80B1-FD4C50679681}.AppStore|Any CPU.Build.0 = Release|Any CPU
		{6E6CAE2B-2CA2-43AD-80B1-FD4C50679681}.AppStore|ARM.ActiveCfg = Release|Any CPU
		{6E6CAE2B-2CA2-43AD-80B1-FD4C50679681}.AppStore|ARM.Build.0 = Release|Any CPU
		{6E6CAE2B-2CA2-43AD-80B1-FD4C50679681}.AppStore|iPhone.ActiveCfg = Release|Any CPU
		{6E6CAE2B-2CA2-43AD-80B1-FD4C50679681}.AppStore|iPhone.Build.0 = Release|Any CPU
		{6E6CAE2B-2CA2-43AD-80B1-FD4C50679681}.AppStore|iPhoneSimulator.ActiveCfg = Release|Any CPU
		{6E6CAE2B-2CA2-43AD-80B1-FD4C50679681}.AppStore|iPhoneSimulator.Build.0 = Release|Any CPU
		{6E6CAE2B-2CA2-43AD-80B1-FD4C50679681}.AppStore|x86.ActiveCfg = Release|Any CPU
		{6E6CAE2B-2CA2-43AD-80B1-FD4C50679681}.AppStore|x86.Build.0 = Release|Any CPU
		{6E6CAE2B-2CA2-43AD-80B1-FD4C50679681}.Debug|Any CPU.ActiveCfg = Debug|Any CPU
		{6E6CAE2B-2CA2-43AD-80B1-FD4C50679681}.Debug|Any CPU.Build.0 = Debug|Any CPU
		{6E6CAE2B-2CA2-43AD-80B1-FD4C50679681}.Debug|ARM.ActiveCfg = Debug|Any CPU
		{6E6CAE2B-2CA2-43AD-80B1-FD4C50679681}.Debug|ARM.Build.0 = Debug|Any CPU
		{6E6CAE2B-2CA2-43AD-80B1-FD4C50679681}.Debug|iPhone.ActiveCfg = Debug|Any CPU
		{6E6CAE2B-2CA2-43AD-80B1-FD4C50679681}.Debug|iPhone.Build.0 = Debug|Any CPU
		{6E6CAE2B-2CA2-43AD-80B1-FD4C50679681}.Debug|iPhoneSimulator.ActiveCfg = Debug|Any CPU
		{6E6CAE2B-2CA2-43AD-80B1-FD4C50679681}.Debug|iPhoneSimulator.Build.0 = Debug|Any CPU
		{6E6CAE2B-2CA2-43AD-80B1-FD4C50679681}.Debug|x86.ActiveCfg = Debug|Any CPU
		{6E6CAE2B-2CA2-43AD-80B1-FD4C50679681}.Debug|x86.Build.0 = Debug|Any CPU
		{6E6CAE2B-2CA2-43AD-80B1-FD4C50679681}.Release|Any CPU.ActiveCfg = Release|Any CPU
		{6E6CAE2B-2CA2-43AD-80B1-FD4C50679681}.Release|Any CPU.Build.0 = Release|Any CPU
		{6E6CAE2B-2CA2-43AD-80B1-FD4C50679681}.Release|ARM.ActiveCfg = Release|Any CPU
		{6E6CAE2B-2CA2-43AD-80B1-FD4C50679681}.Release|ARM.Build.0 = Release|Any CPU
		{6E6CAE2B-2CA2-43AD-80B1-FD4C50679681}.Release|iPhone.ActiveCfg = Release|Any CPU
		{6E6CAE2B-2CA2-43AD-80B1-FD4C50679681}.Release|iPhone.Build.0 = Release|Any CPU
		{6E6CAE2B-2CA2-43AD-80B1-FD4C50679681}.Release|iPhoneSimulator.ActiveCfg = Release|Any CPU
		{6E6CAE2B-2CA2-43AD-80B1-FD4C50679681}.Release|iPhoneSimulator.Build.0 = Release|Any CPU
		{6E6CAE2B-2CA2-43AD-80B1-FD4C50679681}.Release|x86.ActiveCfg = Release|Any CPU
		{6E6CAE2B-2CA2-43AD-80B1-FD4C50679681}.Release|x86.Build.0 = Release|Any CPU
	EndGlobalSection
	GlobalSection(SolutionProperties) = preSolution
		HideSolutionNode = FALSE
	EndGlobalSection
EndGlobal
